
Microsoft Visual Studio Solution File, Format Version 12.00
# Visual Studio 15
VisualStudioVersion = 15.0.27428.2011
MinimumVisualStudioVersion = 10.0.40219.1
Project("{FAE04EC0-301F-11D3-BF4B-00C04F79EFBC}") = "AspNetCore", "AspNetCore\AspNetCore.csproj", "{F60E4691-91F7-42F0-9D49-F6EDD46E95DA}"
EndProject
Global
	GlobalSection(SolutionConfigurationPlatforms) = preSolution
		Debug|Any CPU = Debug|Any CPU
		Release|Any CPU = Release|Any CPU
	EndGlobalSection
	GlobalSection(ProjectConfigurationPlatforms) = postSolution
		{F60E4691-91F7-42F0-9D49-F6EDD46E95DA}.Debug|Any CPU.ActiveCfg = Debug|Any CPU
		{F60E4691-91F7-42F0-9D49-F6EDD46E95DA}.Debug|Any CPU.Build.0 = Debug|Any CPU
		{F60E4691-91F7-42F0-9D49-F6EDD46E95DA}.Release|Any CPU.ActiveCfg = Release|Any CPU
		{F60E4691-91F7-42F0-9D49-F6EDD46E95DA}.Release|Any CPU.Build.0 = Release|Any CPU
	EndGlobalSection
	GlobalSection(SolutionProperties) = preSolution
		HideSolutionNode = FALSE
	EndGlobalSection
	GlobalSection(ExtensibilityGlobals) = postSolution
		SolutionGuid = {B395951E-2FB2-4D31-AE71-334EEFA41414}
	EndGlobalSection
EndGlobal
